
Microsoft Visual Studio Solution File, Format Version 12.00
# Visual Studio 14
VisualStudioVersion = 14.0.25123.0
MinimumVisualStudioVersion = 10.0.40219.1
Project("{FAE04EC0-301F-11D3-BF4B-00C04F79EFBC}") = "K2WorkflowMap", "K2WorkflowMap\K2WorkflowMap.csproj", "{83FB941C-F3E1-4A47-963A-56F2C6D68B49}"
EndProject
Project("{FAE04EC0-301F-11D3-BF4B-00C04F79EFBC}") = "K2WorkflowMapTest", "K2WorkflowMapTest\K2WorkflowMapTest.csproj", "{B31A3343-ED7A-479A-91AE-2C792AAE97A4}"
EndProject
Project("{FAE04EC0-301F-11D3-BF4B-00C04F79EFBC}") = "K2WorkflowUnitTest", "K2WorkflowUnitTest\K2WorkflowUnitTest.csproj", "{2131E97B-9787-44C8-ACA7-A402772BE3AF}"
EndProject
Global
	GlobalSection(SolutionConfigurationPlatforms) = preSolution
		Debug|Any CPU = Debug|Any CPU
		Release|Any CPU = Release|Any CPU
	EndGlobalSection
	GlobalSection(ProjectConfigurationPlatforms) = postSolution
		{83FB941C-F3E1-4A47-963A-56F2C6D68B49}.Debug|Any CPU.ActiveCfg = Debug|Any CPU
		{83FB941C-F3E1-4A47-963A-56F2C6D68B49}.Debug|Any CPU.Build.0 = Debug|Any CPU
		{83FB941C-F3E1-4A47-963A-56F2C6D68B49}.Release|Any CPU.ActiveCfg = Release|Any CPU
		{83FB941C-F3E1-4A47-963A-56F2C6D68B49}.Release|Any CPU.Build.0 = Release|Any CPU
		{B31A3343-ED7A-479A-91AE-2C792AAE97A4}.Debug|Any CPU.ActiveCfg = Debug|Any CPU
		{B31A3343-ED7A-479A-91AE-2C792AAE97A4}.Debug|Any CPU.Build.0 = Debug|Any CPU
		{B31A3343-ED7A-479A-91AE-2C792AAE97A4}.Release|Any CPU.ActiveCfg = Release|Any CPU
		{B31A3343-ED7A-479A-91AE-2C792AAE97A4}.Release|Any CPU.Build.0 = Release|Any CPU
		{2131E97B-9787-44C8-ACA7-A402772BE3AF}.Debug|Any CPU.ActiveCfg = Debug|Any CPU
		{2131E97B-9787-44C8-ACA7-A402772BE3AF}.Debug|Any CPU.Build.0 = Debug|Any CPU
		{2131E97B-9787-44C8-ACA7-A402772BE3AF}.Release|Any CPU.ActiveCfg = Release|Any CPU
		{2131E97B-9787-44C8-ACA7-A402772BE3AF}.Release|Any CPU.Build.0 = Release|Any CPU
	EndGlobalSection
	GlobalSection(SolutionProperties) = preSolution
		HideSolutionNode = FALSE
	EndGlobalSection
EndGlobal
